{
  "name": "my-bank-app",
  "version": "1.0.0",
  "lockfileVersion": 1,
  "requires": true,
  "dependencies": {
    "float-label-css": {
      "version": "1.0.2",
      "resolved": "https://registry.npmjs.org/float-label-css/-/float-label-css-1.0.2.tgz",
      "integrity": "sha1-JFcW5Qapx3VeAEEXOA8dq1vx0R4="
    }
  }
}
